
Microsoft Visual Studio Solution File, Format Version 12.00
# Visual Studio Version 16
VisualStudioVersion = 16.0.30907.101
MinimumVisualStudioVersion = 10.0.40219.1
Project("{FAE04EC0-301F-11D3-BF4B-00C04F79EFBC}") = "KataRailFenceCiper", "KataRailFenceCiper\KataRailFenceCiper.csproj", "{863EEEC9-94F3-45FC-8139-347B3E0C9036}"
EndProject
Global
	GlobalSection(SolutionConfigurationPlatforms) = preSolution
		Debug|Any CPU = Debug|Any CPU
		Release|Any CPU = Release|Any CPU
	EndGlobalSection
	GlobalSection(ProjectConfigurationPlatforms) = postSolution
		{863EEEC9-94F3-45FC-8139-347B3E0C9036}.Debug|Any CPU.ActiveCfg = Debug|Any CPU
		{863EEEC9-94F3-45FC-8139-347B3E0C9036}.Debug|Any CPU.Build.0 = Debug|Any CPU
		{863EEEC9-94F3-45FC-8139-347B3E0C9036}.Release|Any CPU.ActiveCfg = Release|Any CPU
		{863EEEC9-94F3-45FC-8139-347B3E0C9036}.Release|Any CPU.Build.0 = Release|Any CPU
	EndGlobalSection
	GlobalSection(SolutionProperties) = preSolution
		HideSolutionNode = FALSE
	EndGlobalSection
	GlobalSection(ExtensibilityGlobals) = postSolution
		SolutionGuid = {473722CB-08B3-4D91-BCC3-3296006E5452}
	EndGlobalSection
EndGlobal
